{
  "lockfileVersion": 1,
  "configVersion": 0,
  "workspaces": {
    "": {
      "name": "weightlifting-scraper",
      "dependencies": {
        "csv-writer": "^1.6.0",
        "dotenv": "^16.5.0",
        "playwright": "^1.42.1",
      },
    },
  },
  "packages": {
    "csv-writer": ["csv-writer@1.6.0", "", {}, ""],

    "dotenv": ["dotenv@16.6.1", "", {}, "sha512-uBq4egWHTcTt33a72vpSG0z3HnPuIl6NqYcTrKEg2azoEyl2hpW0zqlxysq2pK9HlDIHyHyakeYaYnSAwd8bow=="],

    "fsevents": ["fsevents@2.3.2", "", { "os": "darwin" }, ""],

    "playwright": ["playwright@1.49.1", "", { "dependencies": { "playwright-core": "1.49.1" }, "optionalDependencies": { "fsevents": "2.3.2" }, "bin": "cli.js" }, ""],

    "playwright-core": ["playwright-core@1.49.1", "", { "bin": "cli.js" }, ""],
  }
}
